
Microsoft Visual Studio Solution File, Format Version 12.00
# Visual Studio Version 16
VisualStudioVersion = 16.0.31624.102
MinimumVisualStudioVersion = 10.0.40219.1
Project("{9A19103F-16F7-4668-BE54-9A1E7A4F7556}") = "Marketplace.Server", "Marketplace\Server\Marketplace.Server.csproj", "{03FAC359-80F6-41DD-8136-D3A6957A7E27}"
EndProject
Project("{9A19103F-16F7-4668-BE54-9A1E7A4F7556}") = "Marketplace.Client", "Marketplace\Client\Marketplace.Client.csproj", "{AF38682E-FB13-45F5-ABD6-CF52281B9A2E}"
EndProject
Project("{9A19103F-16F7-4668-BE54-9A1E7A4F7556}") = "Marketplace.Shared", "Marketplace\Shared\Marketplace.Shared.csproj", "{356B1AA3-9372-412D-B8A0-B176D2B027F6}"
EndProject
Global
	GlobalSection(SolutionConfigurationPlatforms) = preSolution
		Debug|Any CPU = Debug|Any CPU
		Release|Any CPU = Release|Any CPU
	EndGlobalSection
	GlobalSection(ProjectConfigurationPlatforms) = postSolution
		{03FAC359-80F6-41DD-8136-D3A6957A7E27}.Debug|Any CPU.ActiveCfg = Debug|Any CPU
		{03FAC359-80F6-41DD-8136-D3A6957A7E27}.Debug|Any CPU.Build.0 = Debug|Any CPU
		{03FAC359-80F6-41DD-8136-D3A6957A7E27}.Release|Any CPU.ActiveCfg = Release|Any CPU
		{03FAC359-80F6-41DD-8136-D3A6957A7E27}.Release|Any CPU.Build.0 = Release|Any CPU
		{AF38682E-FB13-45F5-ABD6-CF52281B9A2E}.Debug|Any CPU.ActiveCfg = Debug|Any CPU
		{AF38682E-FB13-45F5-ABD6-CF52281B9A2E}.Debug|Any CPU.Build.0 = Debug|Any CPU
		{AF38682E-FB13-45F5-ABD6-CF52281B9A2E}.Release|Any CPU.ActiveCfg = Release|Any CPU
		{AF38682E-FB13-45F5-ABD6-CF52281B9A2E}.Release|Any CPU.Build.0 = Release|Any CPU
		{356B1AA3-9372-412D-B8A0-B176D2B027F6}.Debug|Any CPU.ActiveCfg = Debug|Any CPU
		{356B1AA3-9372-412D-B8A0-B176D2B027F6}.Debug|Any CPU.Build.0 = Debug|Any CPU
		{356B1AA3-9372-412D-B8A0-B176D2B027F6}.Release|Any CPU.ActiveCfg = Release|Any CPU
		{356B1AA3-9372-412D-B8A0-B176D2B027F6}.Release|Any CPU.Build.0 = Release|Any CPU
	EndGlobalSection
	GlobalSection(SolutionProperties) = preSolution
		HideSolutionNode = FALSE
	EndGlobalSection
	GlobalSection(ExtensibilityGlobals) = postSolution
		SolutionGuid = {733C6A4D-F9DE-4319-8F60-90D75D9F6E89}
	EndGlobalSection
EndGlobal
